// !$*UTF8*$!
{
	archiveVersion = 1;
	classes = {
	};
	objectVersion = 46;
	objects = {

/* Begin PBXBuildFile section */
		5C4C41E41C6131ED00CAB4EF /* SWMapViewController.m in Sources */ = {isa = PBXBuildFile; fileRef = 5C4C41E31C6131ED00CAB4EF /* SWMapViewController.m */; };
		8B1C5F541C26A3DB00BE5854 /* main.m in Sources */ = {isa = PBXBuildFile; fileRef = 8B1C5F531C26A3DB00BE5854 /* main.m */; };
		8B1C5F571C26A3DB00BE5854 /* AppDelegate.m in Sources */ = {isa = PBXBuildFile; fileRef = 8B1C5F561C26A3DB00BE5854 /* AppDelegate.m */; };
		8B1C5F5A1C26A3DB00BE5854 /* SWMainViewController.m in Sources */ = {isa = PBXBuildFile; fileRef = 8B1C5F591C26A3DB00BE5854 /* SWMainViewController.m */; };
		8B1C5F5F1C26A3DB00BE5854 /* Assets.xcassets in Resources */ = {isa = PBXBuildFile; fileRef = 8B1C5F5E1C26A3DB00BE5854 /* Assets.xcassets */; };
		8B1C5F6D1C26A3DB00BE5854 /* Simple_WeatherTests.m in Sources */ = {isa = PBXBuildFile; fileRef = 8B1C5F6C1C26A3DB00BE5854 /* Simple_WeatherTests.m */; };
		8B1C5F781C26A3DB00BE5854 /* Simple_WeatherUITests.m in Sources */ = {isa = PBXBuildFile; fileRef = 8B1C5F771C26A3DB00BE5854 /* Simple_WeatherUITests.m */; };
		8B42E5D91FA3518B001EF826 /* MapKit.framework in Frameworks */ = {isa = PBXBuildFile; fileRef = 8B42E5D81FA35183001EF826 /* MapKit.framework */; };
		8B42E5DC1FA352B1001EF826 /* SWConstants.m in Sources */ = {isa = PBXBuildFile; fileRef = 8B42E5DB1FA352B1001EF826 /* SWConstants.m */; };
		8B42E5E51FA35B25001EF826 /* Main.storyboard in Resources */ = {isa = PBXBuildFile; fileRef = 8B42E5E11FA35B24001EF826 /* Main.storyboard */; };
		8B42E5E61FA35B25001EF826 /* LaunchScreen.storyboard in Resources */ = {isa = PBXBuildFile; fileRef = 8B42E5E31FA35B25001EF826 /* LaunchScreen.storyboard */; };
		8B42E5E81FA35C3C001EF826 /* README.md in Resources */ = {isa = PBXBuildFile; fileRef = 8B42E5E71FA35C3C001EF826 /* README.md */; };
		C129A03299A5B0E94FF67DDD /* libPods-Simple Weather.a in Frameworks */ = {isa = PBXBuildFile; fileRef = 3DD718221339677F651F0366 /* libPods-Simple Weather.a */; };
/* End PBXBuildFile section */

/* Begin PBXContainerItemProxy section */
		8B1C5F691C26A3DB00BE5854 /* PBXContainerItemProxy */ = {
			isa = PBXContainerItemProxy;
			containerPortal = 8B1C5F471C26A3DB00BE5854 /* Project object */;
			proxyType = 1;
			remoteGlobalIDString = 8B1C5F4E1C26A3DB00BE5854;
			remoteInfo = "Simple Weather";
		};
		8B1C5F741C26A3DB00BE5854 /* PBXContainerItemProxy */ = {
			isa = PBXContainerItemProxy;
			containerPortal = 8B1C5F471C26A3DB00BE5854 /* Project object */;
			proxyType = 1;
			remoteGlobalIDString = 8B1C5F4E1C26A3DB00BE5854;
			remoteInfo = "Simple Weather";
		};
/* End PBXContainerItemProxy section */

/* Begin PBXFileReference section */
		3DD718221339677F651F0366 /* libPods-Simple Weather.a */ = {isa = PBXFileReference; explicitFileType = archive.ar; includeInIndex = 0; path = "libPods-Simple Weather.a"; sourceTree = BUILT_PRODUCTS_DIR; };
		5C4C41E21C6131ED00CAB4EF /* SWMapViewController.h */ = {isa = PBXFileReference; fileEncoding = 4; lastKnownFileType = sourcecode.c.h; path = SWMapViewController.h; sourceTree = "<group>"; };
		5C4C41E31C6131ED00CAB4EF /* SWMapViewController.m */ = {isa = PBXFileReference; fileEncoding = 4; lastKnownFileType = sourcecode.c.objc; path = SWMapViewController.m; sourceTree = "<group>"; };
		7BB061E90ED3567C18233E1A /* Pods-Simple Weather.release.xcconfig */ = {isa = PBXFileReference; includeInIndex = 1; lastKnownFileType = text.xcconfig; name = "Pods-Simple Weather.release.xcconfig"; path = "Pods/Target Support Files/Pods-Simple Weather/Pods-Simple Weather.release.xcconfig"; sourceTree = "<group>"; };
		8B1C5F4F1C26A3DB00BE5854 /* Simple Weather.app */ = {isa = PBXFileReference; explicitFileType = wrapper.application; includeInIndex = 0; path = "Simple Weather.app"; sourceTree = BUILT_PRODUCTS_DIR; };
		8B1C5F531C26A3DB00BE5854 /* main.m */ = {isa = PBXFileReference; lastKnownFileType = sourcecode.c.objc; path = main.m; sourceTree = "<group>"; };
		8B1C5F551C26A3DB00BE5854 /* AppDelegate.h */ = {isa = PBXFileReference; lastKnownFileType = sourcecode.c.h; path = AppDelegate.h; sourceTree = "<group>"; };
		8B1C5F561C26A3DB00BE5854 /* AppDelegate.m */ = {isa = PBXFileReference; lastKnownFileType = sourcecode.c.objc; path = AppDelegate.m; sourceTree = "<group>"; };
		8B1C5F581C26A3DB00BE5854 /* SWMainViewController.h */ = {isa = PBXFileReference; lastKnownFileType = sourcecode.c.h; path = SWMainViewController.h; sourceTree = "<group>"; };
		8B1C5F591C26A3DB00BE5854 /* SWMainViewController.m */ = {isa = PBXFileReference; lastKnownFileType = sourcecode.c.objc; path = SWMainViewController.m; sourceTree = "<group>"; };
		8B1C5F5E1C26A3DB00BE5854 /* Assets.xcassets */ = {isa = PBXFileReference; lastKnownFileType = folder.assetcatalog; path = Assets.xcassets; sourceTree = "<group>"; };
		8B1C5F631C26A3DB00BE5854 /* Info.plist */ = {isa = PBXFileReference; lastKnownFileType = text.plist.xml; path = Info.plist; sourceTree = "<group>"; };
		8B1C5F681C26A3DB00BE5854 /* Simple WeatherTests.xctest */ = {isa = PBXFileReference; explicitFileType = wrapper.cfbundle; includeInIndex = 0; path = "Simple WeatherTests.xctest"; sourceTree = BUILT_PRODUCTS_DIR; };
		8B1C5F6C1C26A3DB00BE5854 /* Simple_WeatherTests.m */ = {isa = PBXFileReference; lastKnownFileType = sourcecode.c.objc; path = Simple_WeatherTests.m; sourceTree = "<group>"; };
		8B1C5F6E1C26A3DB00BE5854 /* Info.plist */ = {isa = PBXFileReference; lastKnownFileType = text.plist.xml; path = Info.plist; sourceTree = "<group>"; };
		8B1C5F731C26A3DB00BE5854 /* Simple WeatherUITests.xctest */ = {isa = PBXFileReference; explicitFileType = wrapper.cfbundle; includeInIndex = 0; path = "Simple WeatherUITests.xctest"; sourceTree = BUILT_PRODUCTS_DIR; };
		8B1C5F771C26A3DB00BE5854 /* Simple_WeatherUITests.m */ = {isa = PBXFileReference; lastKnownFileType = sourcecode.c.objc; path = Simple_WeatherUITests.m; sourceTree = "<group>"; };
		8B1C5F791C26A3DB00BE5854 /* Info.plist */ = {isa = PBXFileReference; lastKnownFileType = text.plist.xml; path = Info.plist; sourceTree = "<group>"; };
		8B42E5D81FA35183001EF826 /* MapKit.framework */ = {isa = PBXFileReference; lastKnownFileType = wrapper.framework; name = MapKit.framework; path = System/Library/Frameworks/MapKit.framework; sourceTree = SDKROOT; };
		8B42E5DA1FA352B1001EF826 /* SWConstants.h */ = {isa = PBXFileReference; lastKnownFileType = sourcecode.c.h; path = SWConstants.h; sourceTree = "<group>"; };
		8B42E5DB1FA352B1001EF826 /* SWConstants.m */ = {isa = PBXFileReference; lastKnownFileType = sourcecode.c.objc; path = SWConstants.m; sourceTree = "<group>"; };
		8B42E5E21FA35B24001EF826 /* Base */ = {isa = PBXFileReference; lastKnownFileType = file.storyboard; name = Base; path = "Simple Weather/Base.lproj/Main.storyboard"; sourceTree = "<group>"; };
		8B42E5E41FA35B25001EF826 /* Base */ = {isa = PBXFileReference; lastKnownFileType = file.storyboard; name = Base; path = "Simple Weather/Base.lproj/LaunchScreen.storyboard"; sourceTree = "<group>"; };
		8B42E5E71FA35C3C001EF826 /* README.md */ = {isa = PBXFileReference; fileEncoding = 4; lastKnownFileType = net.daringfireball.markdown; path = README.md; sourceTree = SOURCE_ROOT; };
		D692C93B60B592322B54EBEB /* Pods-Simple Weather.debug.xcconfig */ = {isa = PBXFileReference; includeInIndex = 1; lastKnownFileType = text.xcconfig; name = "Pods-Simple Weather.debug.xcconfig"; path = "Pods/Target Support Files/Pods-Simple Weather/Pods-Simple Weather.debug.xcconfig"; sourceTree = "<group>"; };
/* End PBXFileReference section */

/* Begin PBXFrameworksBuildPhase section */
		8B1C5F4C1C26A3DB00BE5854 /* Frameworks */ = {
			isa = PBXFrameworksBuildPhase;
			buildActionMask = 2147483647;
			files = (
				8B42E5D91FA3518B001EF826 /* MapKit.framework in Frameworks */,
				C129A03299A5B0E94FF67DDD /* libPods-Simple Weather.a in Frameworks */,
			);
			runOnlyForDeploymentPostprocessing = 0;
		};
		8B1C5F651C26A3DB00BE5854 /* Frameworks */ = {
			isa = PBXFrameworksBuildPhase;
			buildActionMask = 2147483647;
			files = (
			);
			runOnlyForDeploymentPostprocessing = 0;
		};
		8B1C5F701C26A3DB00BE5854 /* Frameworks */ = {
			isa = PBXFrameworksBuildPhase;
			buildActionMask = 2147483647;
			files = (
			);
			runOnlyForDeploymentPostprocessing = 0;
		};
/* End PBXFrameworksBuildPhase section */

/* Begin PBXGroup section */
		8B1C5F461C26A3DB00BE5854 = {
			isa = PBXGroup;
			children = (
				8B1C5F511C26A3DB00BE5854 /* Simple Weather */,
				8B1C5F6B1C26A3DB00BE5854 /* Simple WeatherTests */,
				8B1C5F761C26A3DB00BE5854 /* Simple WeatherUITests */,
				8B1C5F501C26A3DB00BE5854 /* Products */,
				CD8FE269FC35B2821739FC03 /* Pods */,
				F4D8EC3FD1F8234917B07802 /* Frameworks */,
			);
			sourceTree = "<group>";
			usesTabs = 0;
		};
		8B1C5F501C26A3DB00BE5854 /* Products */ = {
			isa = PBXGroup;
			children = (
				8B1C5F4F1C26A3DB00BE5854 /* Simple Weather.app */,
				8B1C5F681C26A3DB00BE5854 /* Simple WeatherTests.xctest */,
				8B1C5F731C26A3DB00BE5854 /* Simple WeatherUITests.xctest */,
			);
			name = Products;
			sourceTree = "<group>";
		};
		8B1C5F511C26A3DB00BE5854 /* Simple Weather */ = {
			isa = PBXGroup;
			children = (
				8B42E5DE1FA35A6C001EF826 /* Constants */,
				8B42E5DF1FA35A95001EF826 /* ViewControllers */,
				8B42E5E01FA35AAF001EF826 /* Interface */,
				8B42E5DD1FA35A3C001EF826 /* Defaults */,
			);
			path = "Simple Weather";
			sourceTree = "<group>";
		};
		8B1C5F6B1C26A3DB00BE5854 /* Simple WeatherTests */ = {
			isa = PBXGroup;
			children = (
				8B1C5F6C1C26A3DB00BE5854 /* Simple_WeatherTests.m */,
				8B1C5F6E1C26A3DB00BE5854 /* Info.plist */,
			);
			path = "Simple WeatherTests";
			sourceTree = "<group>";
		};
		8B1C5F761C26A3DB00BE5854 /* Simple WeatherUITests */ = {
			isa = PBXGroup;
			children = (
				8B1C5F771C26A3DB00BE5854 /* Simple_WeatherUITests.m */,
				8B1C5F791C26A3DB00BE5854 /* Info.plist */,
			);
			path = "Simple WeatherUITests";
			sourceTree = "<group>";
		};
		8B42E5DD1FA35A3C001EF826 /* Defaults */ = {
			isa = PBXGroup;
			children = (
				8B42E5E71FA35C3C001EF826 /* README.md */,
				8B1C5F531C26A3DB00BE5854 /* main.m */,
				8B1C5F551C26A3DB00BE5854 /* AppDelegate.h */,
				8B1C5F561C26A3DB00BE5854 /* AppDelegate.m */,
				8B1C5F631C26A3DB00BE5854 /* Info.plist */,
			);
			name = Defaults;
			sourceTree = "<group>";
		};
		8B42E5DE1FA35A6C001EF826 /* Constants */ = {
			isa = PBXGroup;
			children = (
				8B42E5DA1FA352B1001EF826 /* SWConstants.h */,
				8B42E5DB1FA352B1001EF826 /* SWConstants.m */,
			);
			path = Constants;
			sourceTree = "<group>";
		};
		8B42E5DF1FA35A95001EF826 /* ViewControllers */ = {
			isa = PBXGroup;
			children = (
				8B1C5F581C26A3DB00BE5854 /* SWMainViewController.h */,
				8B1C5F591C26A3DB00BE5854 /* SWMainViewController.m */,
				5C4C41E21C6131ED00CAB4EF /* SWMapViewController.h */,
				5C4C41E31C6131ED00CAB4EF /* SWMapViewController.m */,
			);
			path = ViewControllers;
			sourceTree = "<group>";
		};
		8B42E5E01FA35AAF001EF826 /* Interface */ = {
			isa = PBXGroup;
			children = (
				8B42E5E31FA35B25001EF826 /* LaunchScreen.storyboard */,
				8B42E5E11FA35B24001EF826 /* Main.storyboard */,
				8B1C5F5E1C26A3DB00BE5854 /* Assets.xcassets */,
			);
			path = Interface;
			sourceTree = "<group>";
		};
		CD8FE269FC35B2821739FC03 /* Pods */ = {
			isa = PBXGroup;
			children = (
				D692C93B60B592322B54EBEB /* Pods-Simple Weather.debug.xcconfig */,
				7BB061E90ED3567C18233E1A /* Pods-Simple Weather.release.xcconfig */,
			);
			name = Pods;
			sourceTree = "<group>";
		};
		F4D8EC3FD1F8234917B07802 /* Frameworks */ = {
			isa = PBXGroup;
			children = (
				8B42E5D81FA35183001EF826 /* MapKit.framework */,
				3DD718221339677F651F0366 /* libPods-Simple Weather.a */,
			);
			name = Frameworks;
			sourceTree = "<group>";
		};
/* End PBXGroup section */

/* Begin PBXNativeTarget section */
		8B1C5F4E1C26A3DB00BE5854 /* Simple Weather */ = {
			isa = PBXNativeTarget;
			buildConfigurationList = 8B1C5F7C1C26A3DB00BE5854 /* Build configuration list for PBXNativeTarget "Simple Weather" */;
			buildPhases = (
				E3274FF09D9E1C4BD003FB9B /* Check Pods Manifest.lock */,
				8B1C5F4B1C26A3DB00BE5854 /* Sources */,
				8B1C5F4C1C26A3DB00BE5854 /* Frameworks */,
				8B1C5F4D1C26A3DB00BE5854 /* Resources */,
				FE06291F42FE83653B9C85BF /* Embed Pods Frameworks */,
				2A4697B7D759C27420C2A310 /* Copy Pods Resources */,
			);
			buildRules = (
			);
			dependencies = (
			);
			name = "Simple Weather";
			productName = "Simple Weather";
			productReference = 8B1C5F4F1C26A3DB00BE5854 /* Simple Weather.app */;
			productType = "com.apple.product-type.application";
		};
		8B1C5F671C26A3DB00BE5854 /* Simple WeatherTests */ = {
			isa = PBXNativeTarget;
			buildConfigurationList = 8B1C5F7F1C26A3DB00BE5854 /* Build configuration list for PBXNativeTarget "Simple WeatherTests" */;
			buildPhases = (
				8B1C5F641C26A3DB00BE5854 /* Sources */,
				8B1C5F651C26A3DB00BE5854 /* Frameworks */,
				8B1C5F661C26A3DB00BE5854 /* Resources */,
			);
			buildRules = (
			);
			dependencies = (
				8B1C5F6A1C26A3DB00BE5854 /* PBXTargetDependency */,
			);
			name = "Simple WeatherTests";
			productName = "Simple WeatherTests";
			productReference = 8B1C5F681C26A3DB00BE5854 /* Simple WeatherTests.xctest */;
			productType = "com.apple.product-type.bundle.unit-test";
		};
		8B1C5F721C26A3DB00BE5854 /* Simple WeatherUITests */ = {
			isa = PBXNativeTarget;
			buildConfigurationList = 8B1C5F821C26A3DB00BE5854 /* Build configuration list for PBXNativeTarget "Simple WeatherUITests" */;
			buildPhases = (
				8B1C5F6F1C26A3DB00BE5854 /* Sources */,
				8B1C5F701C26A3DB00BE5854 /* Frameworks */,
				8B1C5F711C26A3DB00BE5854 /* Resources */,
			);
			buildRules = (
			);
			dependencies = (
				8B1C5F751C26A3DB00BE5854 /* PBXTargetDependency */,
			);
			name = "Simple WeatherUITests";
			productName = "Simple WeatherUITests";
			productReference = 8B1C5F731C26A3DB00BE5854 /* Simple WeatherUITests.xctest */;
			productType = "com.apple.product-type.bundle.ui-testing";
		};
/* End PBXNativeTarget section */

/* Begin PBXProject section */
		8B1C5F471C26A3DB00BE5854 /* Project object */ = {
			isa = PBXProject;
			attributes = {
				CLASSPREFIX = SW;
				LastUpgradeCheck = 0720;
				ORGANIZATIONNAME = "Stolyarenko K.S.";
				TargetAttributes = {
					8B1C5F4E1C26A3DB00BE5854 = {
						CreatedOnToolsVersion = 7.2;
						DevelopmentTeam = 487D8YHE27;
					};
					8B1C5F671C26A3DB00BE5854 = {
						CreatedOnToolsVersion = 7.2;
						DevelopmentTeam = 487D8YHE27;
						TestTargetID = 8B1C5F4E1C26A3DB00BE5854;
					};
					8B1C5F721C26A3DB00BE5854 = {
						CreatedOnToolsVersion = 7.2;
						DevelopmentTeam = 487D8YHE27;
						TestTargetID = 8B1C5F4E1C26A3DB00BE5854;
					};
				};
			};
			buildConfigurationList = 8B1C5F4A1C26A3DB00BE5854 /* Build configuration list for PBXProject "Simple Weather" */;
			compatibilityVersion = "Xcode 3.2";
			developmentRegion = English;
			hasScannedForEncodings = 0;
			knownRegions = (
				en,
				Base,
			);
			mainGroup = 8B1C5F461C26A3DB00BE5854;
			productRefGroup = 8B1C5F501C26A3DB00BE5854 /* Products */;
			projectDirPath = "";
			projectRoot = "";
			targets = (
				8B1C5F4E1C26A3DB00BE5854 /* Simple Weather */,
				8B1C5F671C26A3DB00BE5854 /* Simple WeatherTests */,
				8B1C5F721C26A3DB00BE5854 /* Simple WeatherUITests */,
			);
		};
/* End PBXProject section */

/* Begin PBXResourcesBuildPhase section */
		8B1C5F4D1C26A3DB00BE5854 /* Resources */ = {
			isa = PBXResourcesBuildPhase;
			buildActionMask = 2147483647;
			files = (
				8B42E5E61FA35B25001EF826 /* LaunchScreen.storyboard in Resources */,
				8B1C5F5F1C26A3DB00BE5854 /* Assets.xcassets in Resources */,
				8B42E5E81FA35C3C001EF826 /* README.md in Resources */,
				8B42E5E51FA35B25001EF826 /* Main.storyboard in Resources */,
			);
			runOnlyForDeploymentPostprocessing = 0;
		};
		8B1C5F661C26A3DB00BE5854 /* Resources */ = {
			isa = PBXResourcesBuildPhase;
			buildActionMask = 2147483647;
			files = (
			);
			runOnlyForDeploymentPostprocessing = 0;
		};
		8B1C5F711C26A3DB00BE5854 /* Resources */ = {
			isa = PBXResourcesBuildPhase;
			buildActionMask = 2147483647;
			files = (
			);
			runOnlyForDeploymentPostprocessing = 0;
		};
/* End PBXResourcesBuildPhase section */

/* Begin PBXShellScriptBuildPhase section */
		2A4697B7D759C27420C2A310 /* Copy Pods Resources */ = {
			isa = PBXShellScriptBuildPhase;
			buildActionMask = 2147483647;
			files = (
			);
			inputPaths = (
			);
			name = "Copy Pods Resources";
			outputPaths = (
			);
			runOnlyForDeploymentPostprocessing = 0;
			shellPath = /bin/sh;
			shellScript = "\"${SRCROOT}/Pods/Target Support Files/Pods-Simple Weather/Pods-Simple Weather-resources.sh\"\n";
			showEnvVarsInLog = 0;
		};
		E3274FF09D9E1C4BD003FB9B /* Check Pods Manifest.lock */ = {
			isa = PBXShellScriptBuildPhase;
			buildActionMask = 2147483647;
			files = (
			);
			inputPaths = (
			);
			name = "Check Pods Manifest.lock";
			outputPaths = (
			);
			runOnlyForDeploymentPostprocessing = 0;
			shellPath = /bin/sh;
			shellScript = "diff \"${PODS_ROOT}/../Podfile.lock\" \"${PODS_ROOT}/Manifest.lock\" > /dev/null\nif [[ $? != 0 ]] ; then\n    cat << EOM\nerror: The sandbox is not in sync with the Podfile.lock. Run 'pod install' or update your CocoaPods installation.\nEOM\n    exit 1\nfi\n";
			showEnvVarsInLog = 0;
		};
		FE06291F42FE83653B9C85BF /* Embed Pods Frameworks */ = {
			isa = PBXShellScriptBuildPhase;
			buildActionMask = 2147483647;
			files = (
			);
			inputPaths = (
			);
			name = "Embed Pods Frameworks";
			outputPaths = (
			);
			runOnlyForDeploymentPostprocessing = 0;
			shellPath = /bin/sh;
			shellScript = "\"${SRCROOT}/Pods/Target Support Files/Pods-Simple Weather/Pods-Simple Weather-frameworks.sh\"\n";
			showEnvVarsInLog = 0;
		};
/* End PBXShellScriptBuildPhase section */

/* Begin PBXSourcesBuildPhase section */
		8B1C5F4B1C26A3DB00BE5854 /* Sources */ = {
			isa = PBXSourcesBuildPhase;
			buildActionMask = 2147483647;
			files = (
				8B1C5F5A1C26A3DB00BE5854 /* SWMainViewController.m in Sources */,
				8B1C5F571C26A3DB00BE5854 /* AppDelegate.m in Sources */,
				8B42E5DC1FA352B1001EF826 /* SWConstants.m in Sources */,
				8B1C5F541C26A3DB00BE5854 /* main.m in Sources */,
				5C4C41E41C6131ED00CAB4EF /* SWMapViewController.m in Sources */,
			);
			runOnlyForDeploymentPostprocessing = 0;
		};
		8B1C5F641C26A3DB00BE5854 /* Sources */ = {
			isa = PBXSourcesBuildPhase;
			buildActionMask = 2147483647;
			files = (
				8B1C5F6D1C26A3DB00BE5854 /* Simple_WeatherTests.m in Sources */,
			);
			runOnlyForDeploymentPostprocessing = 0;
		};
		8B1C5F6F1C26A3DB00BE5854 /* Sources */ = {
			isa = PBXSourcesBuildPhase;
			buildActionMask = 2147483647;
			files = (
				8B1C5F781C26A3DB00BE5854 /* Simple_WeatherUITests.m in Sources */,
			);
			runOnlyForDeploymentPostprocessing = 0;
		};
/* End PBXSourcesBuildPhase section */

/* Begin PBXTargetDependency section */
		8B1C5F6A1C26A3DB00BE5854 /* PBXTargetDependency */ = {
			isa = PBXTargetDependency;
			target = 8B1C5F4E1C26A3DB00BE5854 /* Simple Weather */;
			targetProxy = 8B1C5F691C26A3DB00BE5854 /* PBXContainerItemProxy */;
		};
		8B1C5F751C26A3DB00BE5854 /* PBXTargetDependency */ = {
			isa = PBXTargetDependency;
			target = 8B1C5F4E1C26A3DB00BE5854 /* Simple Weather */;
			targetProxy = 8B1C5F741C26A3DB00BE5854 /* PBXContainerItemProxy */;
		};
/* End PBXTargetDependency section */

/* Begin PBXVariantGroup section */
		8B42E5E11FA35B24001EF826 /* Main.storyboard */ = {
			isa = PBXVariantGroup;
			children = (
				8B42E5E21FA35B24001EF826 /* Base */,
			);
			name = Main.storyboard;
			sourceTree = "<group>";
		};
		8B42E5E31FA35B25001EF826 /* LaunchScreen.storyboard */ = {
			isa = PBXVariantGroup;
			children = (
				8B42E5E41FA35B25001EF826 /* Base */,
			);
			name = LaunchScreen.storyboard;
			sourceTree = "<group>";
		};
/* End PBXVariantGroup section */

/* Begin XCBuildConfiguration section */
		8B1C5F7A1C26A3DB00BE5854 /* Debug */ = {
			isa = XCBuildConfiguration;
			buildSettings = {
				ALWAYS_SEARCH_USER_PATHS = NO;
				CLANG_CXX_LANGUAGE_STANDARD = "gnu++0x";
				CLANG_CXX_LIBRARY = "libc++";
				CLANG_ENABLE_MODULES = YES;
				CLANG_ENABLE_OBJC_ARC = YES;
				CLANG_WARN_BOOL_CONVERSION = YES;
				CLANG_WARN_CONSTANT_CONVERSION = YES;
				CLANG_WARN_DIRECT_OBJC_ISA_USAGE = YES_ERROR;
				CLANG_WARN_EMPTY_BODY = YES;
				CLANG_WARN_ENUM_CONVERSION = YES;
				CLANG_WARN_INT_CONVERSION = YES;
				CLANG_WARN_OBJC_ROOT_CLASS = YES_ERROR;
				CLANG_WARN_UNREACHABLE_CODE = YES;
				CLANG_WARN__DUPLICATE_METHOD_MATCH = YES;
				"CODE_SIGN_IDENTITY[sdk=iphoneos*]" = "iPhone Developer";
				COPY_PHASE_STRIP = NO;
				DEBUG_INFORMATION_FORMAT = dwarf;
				ENABLE_STRICT_OBJC_MSGSEND = YES;
				ENABLE_TESTABILITY = YES;
				GCC_C_LANGUAGE_STANDARD = gnu99;
				GCC_DYNAMIC_NO_PIC = NO;
				GCC_NO_COMMON_BLOCKS = YES;
				GCC_OPTIMIZATION_LEVEL = 0;
				GCC_PREPROCESSOR_DEFINITIONS = (
					"DEBUG=1",
					"$(inherited)",
				);
				GCC_WARN_64_TO_32_BIT_CONVERSION = YES;
				GCC_WARN_ABOUT_RETURN_TYPE = YES_ERROR;
				GCC_WARN_UNDECLARED_SELECTOR = YES;
				GCC_WARN_UNINITIALIZED_AUTOS = YES_AGGRESSIVE;
				GCC_WARN_UNUSED_FUNCTION = YES;
				GCC_WARN_UNUSED_VARIABLE = YES;
				IPHONEOS_DEPLOYMENT_TARGET = 9.2;
				MTL_ENABLE_DEBUG_INFO = YES;
				ONLY_ACTIVE_ARCH = YES;
				SDKROOT = iphoneos;
			};
			name = Debug;
		};
		8B1C5F7B1C26A3DB00BE5854 /* Release */ = {
			isa = XCBuildConfiguration;
			buildSettings = {
				ALWAYS_SEARCH_USER_PATHS = NO;
				CLANG_CXX_LANGUAGE_STANDARD = "gnu++0x";
				CLANG_CXX_LIBRARY = "libc++";
				CLANG_ENABLE_MODULES = YES;
				CLANG_ENABLE_OBJC_ARC = YES;
				CLANG_WARN_BOOL_CONVERSION = YES;
				CLANG_WARN_CONSTANT_CONVERSION = YES;
				CLANG_WARN_DIRECT_OBJC_ISA_USAGE = YES_ERROR;
				CLANG_WARN_EMPTY_BODY = YES;
				CLANG_WARN_ENUM_CONVERSION = YES;
				CLANG_WARN_INT_CONVERSION = YES;
				CLANG_WARN_OBJC_ROOT_CLASS = YES_ERROR;
				CLANG_WARN_UNREACHABLE_CODE = YES;
				CLANG_WARN__DUPLICATE_METHOD_MATCH = YES;
				"CODE_SIGN_IDENTITY[sdk=iphoneos*]" = "iPhone Developer";
				COPY_PHASE_STRIP = NO;
				DEBUG_INFORMATION_FORMAT = "dwarf-with-dsym";
				ENABLE_NS_ASSERTIONS = NO;
				ENABLE_STRICT_OBJC_MSGSEND = YES;
				GCC_C_LANGUAGE_STANDARD = gnu99;
				GCC_NO_COMMON_BLOCKS = YES;
				GCC_WARN_64_TO_32_BIT_CONVERSION = YES;
				GCC_WARN_ABOUT_RETURN_TYPE = YES_ERROR;
				GCC_WARN_UNDECLARED_SELECTOR = YES;
				GCC_WARN_UNINITIALIZED_AUTOS = YES_AGGRESSIVE;
				GCC_WARN_UNUSED_FUNCTION = YES;
				GCC_WARN_UNUSED_VARIABLE = YES;
				IPHONEOS_DEPLOYMENT_TARGET = 9.2;
				MTL_ENABLE_DEBUG_INFO = NO;
				SDKROOT = iphoneos;
				VALIDATE_PRODUCT = YES;
			};
			name = Release;
		};
		8B1C5F7D1C26A3DB00BE5854 /* Debug */ = {
			isa = XCBuildConfiguration;
			baseConfigurationReference = D692C93B60B592322B54EBEB /* Pods-Simple Weather.debug.xcconfig */;
			buildSettings = {
				ASSETCATALOG_COMPILER_APPICON_NAME = AppIcon;
				CODE_SIGN_IDENTITY = "iPhone Developer";
				INFOPLIST_FILE = "Simple Weather/Info.plist";
				IPHONEOS_DEPLOYMENT_TARGET = 8.0;
				LD_RUNPATH_SEARCH_PATHS = "$(inherited) @executable_path/Frameworks";
				PRODUCT_BUNDLE_IDENTIFIER = "SKS.Simple-Weather";
				PRODUCT_NAME = "$(TARGET_NAME)";
				TARGETED_DEVICE_FAMILY = 1;
			};
			name = Debug;
		};
		8B1C5F7E1C26A3DB00BE5854 /* Release */ = {
			isa = XCBuildConfiguration;
			baseConfigurationReference = 7BB061E90ED3567C18233E1A /* Pods-Simple Weather.release.xcconfig */;
			buildSettings = {
				ASSETCATALOG_COMPILER_APPICON_NAME = AppIcon;
				CODE_SIGN_IDENTITY = "iPhone Developer";
				INFOPLIST_FILE = "Simple Weather/Info.plist";
				IPHONEOS_DEPLOYMENT_TARGET = 8.0;
				LD_RUNPATH_SEARCH_PATHS = "$(inherited) @executable_path/Frameworks";
				PRODUCT_BUNDLE_IDENTIFIER = "SKS.Simple-Weather";
				PRODUCT_NAME = "$(TARGET_NAME)";
				TARGETED_DEVICE_FAMILY = 1;
			};
			name = Release;
		};
		8B1C5F801C26A3DB00BE5854 /* Debug */ = {
			isa = XCBuildConfiguration;
			buildSettings = {
				BUNDLE_LOADER = "$(TEST_HOST)";
				INFOPLIST_FILE = "Simple WeatherTests/Info.plist";
				LD_RUNPATH_SEARCH_PATHS = "$(inherited) @executable_path/Frameworks @loader_path/Frameworks";
				PRODUCT_BUNDLE_IDENTIFIER = "SKS.Simple-WeatherTests";
				PRODUCT_NAME = "$(TARGET_NAME)";
				TEST_HOST = "$(BUILT_PRODUCTS_DIR)/Simple Weather.app/Simple Weather";
			};
			name = Debug;
		};
		8B1C5F811C26A3DB00BE5854 /* Release */ = {
			isa = XCBuildConfiguration;
			buildSettings = {
				BUNDLE_LOADER = "$(TEST_HOST)";
				INFOPLIST_FILE = "Simple WeatherTests/Info.plist";
				LD_RUNPATH_SEARCH_PATHS = "$(inherited) @executable_path/Frameworks @loader_path/Frameworks";
				PRODUCT_BUNDLE_IDENTIFIER = "SKS.Simple-WeatherTests";
				PRODUCT_NAME = "$(TARGET_NAME)";
				TEST_HOST = "$(BUILT_PRODUCTS_DIR)/Simple Weather.app/Simple Weather";
			};
			name = Release;
		};
		8B1C5F831C26A3DB00BE5854 /* Debug */ = {
			isa = XCBuildConfiguration;
			buildSettings = {
				INFOPLIST_FILE = "Simple WeatherUITests/Info.plist";
				LD_RUNPATH_SEARCH_PATHS = "$(inherited) @executable_path/Frameworks @loader_path/Frameworks";
				PRODUCT_BUNDLE_IDENTIFIER = "SKS.Simple-WeatherUITests";
				PRODUCT_NAME = "$(TARGET_NAME)";
				TEST_TARGET_NAME = "Simple Weather";
				USES_XCTRUNNER = YES;
			};
			name = Debug;
		};
		8B1C5F841C26A3DB00BE5854 /* Release */ = {
			isa = XCBuildConfiguration;
			buildSettings = {
				INFOPLIST_FILE = "Simple WeatherUITests/Info.plist";
				LD_RUNPATH_SEARCH_PATHS = "$(inherited) @executable_path/Frameworks @loader_path/Frameworks";
				PRODUCT_BUNDLE_IDENTIFIER = "SKS.Simple-WeatherUITests";
				PRODUCT_NAME = "$(TARGET_NAME)";
				TEST_TARGET_NAME = "Simple Weather";
				USES_XCTRUNNER = YES;
			};
			name = Release;
		};
/* End XCBuildConfiguration section */

/* Begin XCConfigurationList section */
		8B1C5F4A1C26A3DB00BE5854 /* Build configuration list for PBXProject "Simple Weather" */ = {
			isa = XCConfigurationList;
			buildConfigurations = (
				8B1C5F7A1C26A3DB00BE5854 /* Debug */,
				8B1C5F7B1C26A3DB00BE5854 /* Release */,
			);
			defaultConfigurationIsVisible = 0;
			defaultConfigurationName = Release;
		};
		8B1C5F7C1C26A3DB00BE5854 /* Build configuration list for PBXNativeTarget "Simple Weather" */ = {
			isa = XCConfigurationList;
			buildConfigurations = (
				8B1C5F7D1C26A3DB00BE5854 /* Debug */,
				8B1C5F7E1C26A3DB00BE5854 /* Release */,
			);
			defaultConfigurationIsVisible = 0;
			defaultConfigurationName = Release;
		};
		8B1C5F7F1C26A3DB00BE5854 /* Build configuration list for PBXNativeTarget "Simple WeatherTests" */ = {
			isa = XCConfigurationList;
			buildConfigurations = (
				8B1C5F801C26A3DB00BE5854 /* Debug */,
				8B1C5F811C26A3DB00BE5854 /* Release */,
			);
			defaultConfigurationIsVisible = 0;
			defaultConfigurationName = Release;
		};
		8B1C5F821C26A3DB00BE5854 /* Build configuration list for PBXNativeTarget "Simple WeatherUITests" */ = {
			isa = XCConfigurationList;
			buildConfigurations = (
				8B1C5F831C26A3DB00BE5854 /* Debug */,
				8B1C5F841C26A3DB00BE5854 /* Release */,
			);
			defaultConfigurationIsVisible = 0;
			defaultConfigurationName = Release;
		};
/* End XCConfigurationList section */
	};
	rootObject = 8B1C5F471C26A3DB00BE5854 /* Project object */;
}
